# This file is generated by running "yarn install" inside your project.
# Manual changes might be lost - proceed with caution!

__metadata:
  version: 8
  cacheKey: 10c0

"@babel/helper-string-parser@npm:^7.23.4":
  version: 7.24.1
  resolution: "@babel/helper-string-parser@npm:7.24.1"
  checksum: 10c0/2f9bfcf8d2f9f083785df0501dbab92770111ece2f90d120352fda6dd2a7d47db11b807d111e6f32aa1ba6d763fe2dc6603d153068d672a5d0ad33ca802632b2
  languageName: node
  linkType: hard

"@babel/helper-validator-identifier@npm:^7.22.20":
  version: 7.22.20
  resolution: "@babel/helper-validator-identifier@npm:7.22.20"
  checksum: 10c0/dcad63db345fb110e032de46c3688384b0008a42a4845180ce7cd62b1a9c0507a1bed727c4d1060ed1a03ae57b4d918570259f81724aaac1a5b776056f37504e
  languageName: node
  linkType: hard

"@babel/parser@npm:^7.23.9":
  version: 7.24.1
  resolution: "@babel/parser@npm:7.24.1"
  bin:
    parser: ./bin/babel-parser.js
  checksum: 10c0/d2a8b99aa5f33182b69d5569367403a40e7c027ae3b03a1f81fd8ac9b06ceb85b31f6ee4267fb90726dc2ac99909c6bdaa9cf16c379efab73d8dfe85cee32c50
  languageName: node
  linkType: hard

"@babel/types@npm:^7.8.3":
  version: 7.24.0
  resolution: "@babel/types@npm:7.24.0"
  dependencies:
    "@babel/helper-string-parser": "npm:^7.23.4"
    "@babel/helper-validator-identifier": "npm:^7.22.20"
    to-fast-properties: "npm:^2.0.0"
  checksum: 10c0/777a0bb5dbe038ca4c905fdafb1cdb6bdd10fe9d63ce13eca0bd91909363cbad554a53dc1f902004b78c1dcbc742056f877f2c99eeedff647333b1fadf51235d
  languageName: node
  linkType: hard

"@jridgewell/sourcemap-codec@npm:^1.4.15":
  version: 1.4.15
  resolution: "@jridgewell/sourcemap-codec@npm:1.4.15"
  checksum: 10c0/0c6b5ae663087558039052a626d2d7ed5208da36cfd707dcc5cea4a07cfc918248403dcb5989a8f7afaf245ce0573b7cc6fd94c4a30453bd10e44d9363940ba5
  languageName: node
  linkType: hard

"@vue/compiler-core@npm:3.4.21":
  version: 3.4.21
  resolution: "@vue/compiler-core@npm:3.4.21"
  dependencies:
    "@babel/parser": "npm:^7.23.9"
    "@vue/shared": "npm:3.4.21"
    entities: "npm:^4.5.0"
    estree-walker: "npm:^2.0.2"
    source-map-js: "npm:^1.0.2"
  checksum: 10c0/3ee871b95e17948d10375093c8dd3265923f844528a24ac67512c201ddb9b628021c010565f3e50f2e551b217c502e80a7901384f616a977a04f81e68c64a37c
  languageName: node
  linkType: hard

"@vue/compiler-dom@npm:3.4.21":
  version: 3.4.21
  resolution: "@vue/compiler-dom@npm:3.4.21"
  dependencies:
    "@vue/compiler-core": "npm:3.4.21"
    "@vue/shared": "npm:3.4.21"
  checksum: 10c0/b4a1099eddacded2663d12388b48088ca0be0d8969a070476f49e4e65da9b22851fc897cc693662b178e7e7fdee98fcf9ea3617a1f626c3a1b2089815cb1264e
  languageName: node
  linkType: hard

"@vue/compiler-sfc@npm:3.4.21":
  version: 3.4.21
  resolution: "@vue/compiler-sfc@npm:3.4.21"
  dependencies:
    "@babel/parser": "npm:^7.23.9"
    "@vue/compiler-core": "npm:3.4.21"
    "@vue/compiler-dom": "npm:3.4.21"
    "@vue/compiler-ssr": "npm:3.4.21"
    "@vue/shared": "npm:3.4.21"
    estree-walker: "npm:^2.0.2"
    magic-string: "npm:^0.30.7"
    postcss: "npm:^8.4.35"
    source-map-js: "npm:^1.0.2"
  checksum: 10c0/8d9a6ee07a9c542528f09b7a99e5d40e9752dca39251994e4309cb6121997c47db6818be75555aa69fb4f0bd54820bc7675c0c6e2ea5afe339f09d40890d26a9
  languageName: node
  linkType: hard

"@vue/compiler-ssr@npm:3.4.21":
  version: 3.4.21
  resolution: "@vue/compiler-ssr@npm:3.4.21"
  dependencies:
    "@vue/compiler-dom": "npm:3.4.21"
    "@vue/shared": "npm:3.4.21"
  checksum: 10c0/bae2b76f8619f258a90e2964cdcebef44aa240ae64be6bb08227f3404239c66f3d77fb25b88a809d9b29063a2f0f423595c8be8e5f7c80dc8337da2aad4f6fdc
  languageName: node
  linkType: hard

"@vue/devtools-api@npm:^6.5.1":
  version: 6.6.1
  resolution: "@vue/devtools-api@npm:6.6.1"
  checksum: 10c0/ab9a1e09baae514b0d3a8bf1d670ecb7724f7e55b82eea30aa2e7255e6200b45c1086c1376560f243cf86e98c0726e94d69cefe0ad23dfd50c7c49dfcb1fbf21
  languageName: node
  linkType: hard

"@vue/reactivity@npm:3.4.21":
  version: 3.4.21
  resolution: "@vue/reactivity@npm:3.4.21"
  dependencies:
    "@vue/shared": "npm:3.4.21"
  checksum: 10c0/9296ba12dc87bed7c056801a8cbff215ff4245404078186188f3c549a075f159acc7eeaf876a949450d22fc1c99a5b9f1818b4c0f828feaaf25273476ff4244b
  languageName: node
  linkType: hard

"@vue/runtime-core@npm:3.4.21":
  version: 3.4.21
  resolution: "@vue/runtime-core@npm:3.4.21"
  dependencies:
    "@vue/reactivity": "npm:3.4.21"
    "@vue/shared": "npm:3.4.21"
  checksum: 10c0/9d57aaf24b33c21f4b632c1efca3baac6af420676e2f3ef0d79f0efd606617d1be56f2bd345afb1960a5603f2f5f48bbb80535403cd526f3bbba1322f823ce5b
  languageName: node
  linkType: hard

"@vue/runtime-dom@npm:3.4.21":
  version: 3.4.21
  resolution: "@vue/runtime-dom@npm:3.4.21"
  dependencies:
    "@vue/runtime-core": "npm:3.4.21"
    "@vue/shared": "npm:3.4.21"
    csstype: "npm:^3.1.3"
  checksum: 10c0/29ad38e1c9c6286bb7dfbc3d1830b03f73f870183f9e9d81e6dbc11a71f6ff7ec2a0428832d678d8ed9e8722a98580202597adde57dcc3b47f848abb7b8d16c2
  languageName: node
  linkType: hard

"@vue/server-renderer@npm:3.4.21":
  version: 3.4.21
  resolution: "@vue/server-renderer@npm:3.4.21"
  dependencies:
    "@vue/compiler-ssr": "npm:3.4.21"
    "@vue/shared": "npm:3.4.21"
  peerDependencies:
    vue: 3.4.21
  checksum: 10c0/3ff91392473cea8d85a11e8315bf378fd0cb4b5e4f650acad3b1bc672ceb3a0e29d22d4860186b06697b72a8ab544d67ba7969e77fed07a402c3528f90c764ed
  languageName: node
  linkType: hard

"@vue/shared@npm:3.4.21":
  version: 3.4.21
  resolution: "@vue/shared@npm:3.4.21"
  checksum: 10c0/79cba4228c3c1769ba8024302d7dbebf6ed1b77fb2e7a69e635cdebaa1c18b409e9c27ce27ccbe3a98e702a7e2dae1b87754d87f0b29adfe2a8f9e1e7c7899d5
  languageName: node
  linkType: hard

"asynckit@npm:^0.4.0":
  version: 0.4.0
  resolution: "asynckit@npm:0.4.0"
  checksum: 10c0/d73e2ddf20c4eb9337e1b3df1a0f6159481050a5de457c55b14ea2e5cb6d90bb69e004c9af54737a5ee0917fcf2c9e25de67777bbe58261847846066ba75bc9d
  languageName: node
  linkType: hard

"axios@npm:^0.27.2":
  version: 0.27.2
  resolution: "axios@npm:0.27.2"
  dependencies:
    follow-redirects: "npm:^1.14.9"
    form-data: "npm:^4.0.0"
  checksum: 10c0/76d673d2a90629944b44d6f345f01e58e9174690f635115d5ffd4aca495d99bcd8f95c590d5ccb473513f5ebc1d1a6e8934580d0c57cdd0498c3a101313ef771
  languageName: node
  linkType: hard

"combined-stream@npm:^1.0.8":
  version: 1.0.8
  resolution: "combined-stream@npm:1.0.8"
  dependencies:
    delayed-stream: "npm:~1.0.0"
  checksum: 10c0/0dbb829577e1b1e839fa82b40c07ffaf7de8a09b935cadd355a73652ae70a88b4320db322f6634a4ad93424292fa80973ac6480986247f1734a1137debf271d5
  languageName: node
  linkType: hard

"csstype@npm:^3.1.3":
  version: 3.1.3
  resolution: "csstype@npm:3.1.3"
  checksum: 10c0/80c089d6f7e0c5b2bd83cf0539ab41474198579584fa10d86d0cafe0642202343cbc119e076a0b1aece191989477081415d66c9fefbf3c957fc2fc4b7009f248
  languageName: node
  linkType: hard

"delayed-stream@npm:~1.0.0":
  version: 1.0.0
  resolution: "delayed-stream@npm:1.0.0"
  checksum: 10c0/d758899da03392e6712f042bec80aa293bbe9e9ff1b2634baae6a360113e708b91326594c8a486d475c69d6259afb7efacdc3537bfcda1c6c648e390ce601b19
  languageName: node
  linkType: hard

"entities@npm:^4.5.0":
  version: 4.5.0
  resolution: "entities@npm:4.5.0"
  checksum: 10c0/5b039739f7621f5d1ad996715e53d964035f75ad3b9a4d38c6b3804bb226e282ffeae2443624d8fdd9c47d8e926ae9ac009c54671243f0c3294c26af7cc85250
  languageName: node
  linkType: hard

"estree-walker@npm:^2.0.2":
  version: 2.0.2
  resolution: "estree-walker@npm:2.0.2"
  checksum: 10c0/53a6c54e2019b8c914dc395890153ffdc2322781acf4bd7d1a32d7aedc1710807bdcd866ac133903d5629ec601fbb50abe8c2e5553c7f5a0afdd9b6af6c945af
  languageName: node
  linkType: hard

"follow-redirects@npm:^1.14.9":
  version: 1.15.1
  resolution: "follow-redirects@npm:1.15.1"
  peerDependenciesMeta:
    debug:
      optional: true
  checksum: 10c0/ea21337fe38eac8d75f5af12c425cc40e0bb44dcc3091fd0bde1c828596251a7a9638b5720fee5a0a5c62524450cbe16c52aae1dce88c6aee68577e441842e7f
  languageName: node
  linkType: hard

"form-data@npm:^4.0.0":
  version: 4.0.0
  resolution: "form-data@npm:4.0.0"
  dependencies:
    asynckit: "npm:^0.4.0"
    combined-stream: "npm:^1.0.8"
    mime-types: "npm:^2.1.12"
  checksum: 10c0/cb6f3ac49180be03ff07ba3ff125f9eba2ff0b277fb33c7fc47569fc5e616882c5b1c69b9904c4c4187e97dd0419dd03b134174756f296dec62041e6527e2c6e
  languageName: node
  linkType: hard

"magic-string@npm:^0.30.7":
  version: 0.30.8
  resolution: "magic-string@npm:0.30.8"
  dependencies:
    "@jridgewell/sourcemap-codec": "npm:^1.4.15"
  checksum: 10c0/51a1f06f678c082aceddfb5943de9b6bdb88f2ea1385a1c2adf116deb73dfcfa50df6c222901d691b529455222d4d68d0b28be5689ac6f69b3baa3462861f922
  languageName: node
  linkType: hard

"mime-db@npm:1.52.0":
  version: 1.52.0
  resolution: "mime-db@npm:1.52.0"
  checksum: 10c0/0557a01deebf45ac5f5777fe7740b2a5c309c6d62d40ceab4e23da9f821899ce7a900b7ac8157d4548ddbb7beffe9abc621250e6d182b0397ec7f10c7b91a5aa
  languageName: node
  linkType: hard

"mime-types@npm:^2.1.12":
  version: 2.1.35
  resolution: "mime-types@npm:2.1.35"
  dependencies:
    mime-db: "npm:1.52.0"
  checksum: 10c0/82fb07ec56d8ff1fc999a84f2f217aa46cb6ed1033fefaabd5785b9a974ed225c90dc72fff460259e66b95b73648596dbcc50d51ed69cdf464af2d237d3149b2
  languageName: node
  linkType: hard

"nanoid@npm:^3.3.7":
  version: 3.3.7
  resolution: "nanoid@npm:3.3.7"
  bin:
    nanoid: bin/nanoid.cjs
  checksum: 10c0/e3fb661aa083454f40500473bb69eedb85dc160e763150b9a2c567c7e9ff560ce028a9f833123b618a6ea742e311138b591910e795614a629029e86e180660f3
  languageName: node
  linkType: hard

"picocolors@npm:^1.0.0":
  version: 1.0.0
  resolution: "picocolors@npm:1.0.0"
  checksum: 10c0/20a5b249e331c14479d94ec6817a182fd7a5680debae82705747b2db7ec50009a5f6648d0621c561b0572703f84dbef0858abcbd5856d3c5511426afcb1961f7
  languageName: node
  linkType: hard

"postcss@npm:^8.4.35":
  version: 8.4.38
  resolution: "postcss@npm:8.4.38"
  dependencies:
    nanoid: "npm:^3.3.7"
    picocolors: "npm:^1.0.0"
    source-map-js: "npm:^1.2.0"
  checksum: 10c0/955407b8f70cf0c14acf35dab3615899a2a60a26718a63c848cf3c29f2467b0533991b985a2b994430d890bd7ec2b1963e36352b0774a19143b5f591540f7c06
  languageName: node
  linkType: hard

"quasar@npm:^2.14.5":
  version: 2.15.1
  resolution: "quasar@npm:2.15.1"
  checksum: 10c0/1369befd0872010699711fd007768b661e0f5b97f260f15ddf5e1ee83d6d1841f343f8ca8abe0c4946f181efafd5742a516ef6c7bb547af98c883f9fa6437882
  languageName: node
  linkType: hard

"root-workspace-0b6124@workspace:.":
  version: 0.0.0-use.local
  resolution: "root-workspace-0b6124@workspace:."
  dependencies:
    axios: "npm:^0.27.2"
    quasar: "npm:^2.14.5"
    vue: "npm:^3.4.19"
    vue-class-component: "npm:^8.0.0-rc.1"
    vue-router: "npm:^4.3.0"
  languageName: unknown
  linkType: soft

"source-map-js@npm:^1.0.2, source-map-js@npm:^1.2.0":
  version: 1.2.0
  resolution: "source-map-js@npm:1.2.0"
  checksum: 10c0/7e5f896ac10a3a50fe2898e5009c58ff0dc102dcb056ed27a354623a0ece8954d4b2649e1a1b2b52ef2e161d26f8859c7710350930751640e71e374fe2d321a4
  languageName: node
  linkType: hard

"to-fast-properties@npm:^2.0.0":
  version: 2.0.0
  resolution: "to-fast-properties@npm:2.0.0"
  checksum: 10c0/b214d21dbfb4bce3452b6244b336806ffea9c05297148d32ebb428d5c43ce7545bdfc65a1ceb58c9ef4376a65c0cb2854d645f33961658b3e3b4f84910ddcdd7
  languageName: node
  linkType: hard

"vue-class-component@npm:^8.0.0-rc.1":
  version: 8.0.0-rc.1
  resolution: "vue-class-component@npm:8.0.0-rc.1"
  peerDependencies:
    vue: ^3.0.0
  checksum: 10c0/b7dbedc7a3e0da1e7d021467fc65c7c90369edfae3626f33373828e382bbf31598deef30358df4a00df8ca6ac084203229769d4aeb15e728da4c22374953150a
  languageName: node
  linkType: hard

"vue-router@npm:^4.3.0":
  version: 4.3.0
  resolution: "vue-router@npm:4.3.0"
  dependencies:
    "@vue/devtools-api": "npm:^6.5.1"
  peerDependencies:
    vue: ^3.2.0
  checksum: 10c0/72865ad2e5e17035f1d38311caaec77759f9813f3a627553994c05c43d04ceeaf1f9325260be4c060411c49ed176035579bf4815a4c084b908688c0cc6b3cf72
  languageName: node
  linkType: hard

"vue@npm:^3.4.19":
  version: 3.4.21
  resolution: "vue@npm:3.4.21"
  dependencies:
    "@vue/compiler-dom": "npm:3.4.21"
    "@vue/compiler-sfc": "npm:3.4.21"
    "@vue/runtime-dom": "npm:3.4.21"
    "@vue/server-renderer": "npm:3.4.21"
    "@vue/shared": "npm:3.4.21"
  peerDependencies:
    typescript: "*"
  peerDependenciesMeta:
    typescript:
      optional: true
  checksum: 10c0/70806fdfe2f34387dd043403f3cf0946f43216090832c2a0be06e88d6feabba28a0aa05dc75777a1cb1aa770b24c015206519a20752faf0f6ed4d9b7568f0400
  languageName: node
  linkType: hard
